
Microsoft Visual Studio Solution File, Format Version 12.00
Project("{FAE04EC0-301F-11D3-BF4B-00C04F79EFBC}") = "pr3", "pr3\pr3.csproj", "{3A5055D8-FAA9-4D6F-BF9E-D7174A01F348}"
EndProject
Global
	GlobalSection(SolutionConfigurationPlatforms) = preSolution
		Debug|Any CPU = Debug|Any CPU
		Release|Any CPU = Release|Any CPU
	EndGlobalSection
	GlobalSection(ProjectConfigurationPlatforms) = postSolution
		{3A5055D8-FAA9-4D6F-BF9E-D7174A01F348}.Debug|Any CPU.ActiveCfg = Debug|Any CPU
		{3A5055D8-FAA9-4D6F-BF9E-D7174A01F348}.Debug|Any CPU.Build.0 = Debug|Any CPU
		{3A5055D8-FAA9-4D6F-BF9E-D7174A01F348}.Release|Any CPU.ActiveCfg = Release|Any CPU
		{3A5055D8-FAA9-4D6F-BF9E-D7174A01F348}.Release|Any CPU.Build.0 = Release|Any CPU
	EndGlobalSection
EndGlobal
